// !$*UTF8*$!
{
	archiveVersion = 1;
	classes = {
	};
	objectVersion = 46;
	objects = {

/* Begin PBXBuildFile section */
		7DB90DF41E481FE7004B5CF6 /* AppDelegate.swift in Sources */ = {isa = PBXBuildFile; fileRef = 7DB90DF31E481FE7004B5CF6 /* AppDelegate.swift */; };
		7DB90DF61E481FE7004B5CF6 /* ViewController.swift in Sources */ = {isa = PBXBuildFile; fileRef = 7DB90DF51E481FE7004B5CF6 /* ViewController.swift */; };
		7DB90DF91E481FE7004B5CF6 /* Main.storyboard in Resources */ = {isa = PBXBuildFile; fileRef = 7DB90DF71E481FE7004B5CF6 /* Main.storyboard */; };
		7DB90DFB1E481FE7004B5CF6 /* Assets.xcassets in Resources */ = {isa = PBXBuildFile; fileRef = 7DB90DFA1E481FE7004B5CF6 /* Assets.xcassets */; };
		7DB90DFE1E481FE7004B5CF6 /* LaunchScreen.storyboard in Resources */ = {isa = PBXBuildFile; fileRef = 7DB90DFC1E481FE7004B5CF6 /* LaunchScreen.storyboard */; };
		7DB90E061E4820B6004B5CF6 /* Board.xib in Resources */ = {isa = PBXBuildFile; fileRef = 7DB90E051E4820B6004B5CF6 /* Board.xib */; };
		7DB90E081E482117004B5CF6 /* Board.swift in Sources */ = {isa = PBXBuildFile; fileRef = 7DB90E071E482117004B5CF6 /* Board.swift */; };
		7DB90E0A1E482BC8004B5CF6 /* Player.swift in Sources */ = {isa = PBXBuildFile; fileRef = 7DB90E091E482BC8004B5CF6 /* Player.swift */; };
/* End PBXBuildFile section */

/* Begin PBXFileReference section */
		7DB90DF01E481FE7004B5CF6 /* TicTacToe.app */ = {isa = PBXFileReference; explicitFileType = wrapper.application; includeInIndex = 0; path = TicTacToe.app; sourceTree = BUILT_PRODUCTS_DIR; };
		7DB90DF31E481FE7004B5CF6 /* AppDelegate.swift */ = {isa = PBXFileReference; lastKnownFileType = sourcecode.swift; path = AppDelegate.swift; sourceTree = "<group>"; };
		7DB90DF51E481FE7004B5CF6 /* ViewController.swift */ = {isa = PBXFileReference; lastKnownFileType = sourcecode.swift; path = ViewController.swift; sourceTree = "<group>"; };
		7DB90DF81E481FE7004B5CF6 /* Base */ = {isa = PBXFileReference; lastKnownFileType = file.storyboard; name = Base; path = Base.lproj/Main.storyboard; sourceTree = "<group>"; };
		7DB90DFA1E481FE7004B5CF6 /* Assets.xcassets */ = {isa = PBXFileReference; lastKnownFileType = folder.assetcatalog; path = Assets.xcassets; sourceTree = "<group>"; };
		7DB90DFD1E481FE7004B5CF6 /* Base */ = {isa = PBXFileReference; lastKnownFileType = file.storyboard; name = Base; path = Base.lproj/LaunchScreen.storyboard; sourceTree = "<group>"; };
		7DB90DFF1E481FE7004B5CF6 /* Info.plist */ = {isa = PBXFileReference; lastKnownFileType = text.plist.xml; path = Info.plist; sourceTree = "<group>"; };
		7DB90E051E4820B6004B5CF6 /* Board.xib */ = {isa = PBXFileReference; fileEncoding = 4; lastKnownFileType = file.xib; path = Board.xib; sourceTree = "<group>"; };
		7DB90E071E482117004B5CF6 /* Board.swift */ = {isa = PBXFileReference; fileEncoding = 4; lastKnownFileType = sourcecode.swift; path = Board.swift; sourceTree = "<group>"; };
		7DB90E091E482BC8004B5CF6 /* Player.swift */ = {isa = PBXFileReference; fileEncoding = 4; lastKnownFileType = sourcecode.swift; path = Player.swift; sourceTree = "<group>"; };
/* End PBXFileReference section */

/* Begin PBXFrameworksBuildPhase section */
		7DB90DED1E481FE7004B5CF6 /* Frameworks */ = {
			isa = PBXFrameworksBuildPhase;
			buildActionMask = 2147483647;
			files = (
			);
			runOnlyForDeploymentPostprocessing = 0;
		};
/* End PBXFrameworksBuildPhase section */

/* Begin PBXGroup section */
		7DB90DE71E481FE7004B5CF6 = {
			isa = PBXGroup;
			children = (
				7DB90DF21E481FE7004B5CF6 /* TicTacToe */,
				7DB90DF11E481FE7004B5CF6 /* Products */,
			);
			sourceTree = "<group>";
		};
		7DB90DF11E481FE7004B5CF6 /* Products */ = {
			isa = PBXGroup;
			children = (
				7DB90DF01E481FE7004B5CF6 /* TicTacToe.app */,
			);
			name = Products;
			sourceTree = "<group>";
		};
		7DB90DF21E481FE7004B5CF6 /* TicTacToe */ = {
			isa = PBXGroup;
			children = (
				7DB90DF31E481FE7004B5CF6 /* AppDelegate.swift */,
				7DB90DF51E481FE7004B5CF6 /* ViewController.swift */,
				7DB90DF71E481FE7004B5CF6 /* Main.storyboard */,
				7DB90DFA1E481FE7004B5CF6 /* Assets.xcassets */,
				7DB90DFC1E481FE7004B5CF6 /* LaunchScreen.storyboard */,
				7DB90DFF1E481FE7004B5CF6 /* Info.plist */,
				7DB90E051E4820B6004B5CF6 /* Board.xib */,
				7DB90E071E482117004B5CF6 /* Board.swift */,
				7DB90E091E482BC8004B5CF6 /* Player.swift */,
			);
			path = TicTacToe;
			sourceTree = "<group>";
		};
/* End PBXGroup section */

/* Begin PBXNativeTarget section */
		7DB90DEF1E481FE7004B5CF6 /* TicTacToe */ = {
			isa = PBXNativeTarget;
			buildConfigurationList = 7DB90E021E481FE7004B5CF6 /* Build configuration list for PBXNativeTarget "TicTacToe" */;
			buildPhases = (
				7DB90DEC1E481FE7004B5CF6 /* Sources */,
				7DB90DED1E481FE7004B5CF6 /* Frameworks */,
				7DB90DEE1E481FE7004B5CF6 /* Resources */,
			);
			buildRules = (
			);
			dependencies = (
			);
			name = TicTacToe;
			productName = TicTacToe;
			productReference = 7DB90DF01E481FE7004B5CF6 /* TicTacToe.app */;
			productType = "com.apple.product-type.application";
		};
/* End PBXNativeTarget section */

/* Begin PBXProject section */
		7DB90DE81E481FE7004B5CF6 /* Project object */ = {
			isa = PBXProject;
			attributes = {
				LastSwiftUpdateCheck = 0820;
				LastUpgradeCheck = 0820;
				ORGANIZATIONNAME = "Jim Campagno";
				TargetAttributes = {
					7DB90DEF1E481FE7004B5CF6 = {
						CreatedOnToolsVersion = 8.2.1;
						DevelopmentTeam = 3E2QGNXM7N;
						ProvisioningStyle = Automatic;
					};
				};
			};
			buildConfigurationList = 7DB90DEB1E481FE7004B5CF6 /* Build configuration list for PBXProject "TicTacToe" */;
			compatibilityVersion = "Xcode 3.2";
			developmentRegion = English;
			hasScannedForEncodings = 0;
			knownRegions = (
				en,
				Base,
			);
			mainGroup = 7DB90DE71E481FE7004B5CF6;
			productRefGroup = 7DB90DF11E481FE7004B5CF6 /* Products */;
			projectDirPath = "";
			projectRoot = "";
			targets = (
				7DB90DEF1E481FE7004B5CF6 /* TicTacToe */,
			);
		};
/* End PBXProject section */

/* Begin PBXResourcesBuildPhase section */
		7DB90DEE1E481FE7004B5CF6 /* Resources */ = {
			isa = PBXResourcesBuildPhase;
			buildActionMask = 2147483647;
			files = (
				7DB90DFE1E481FE7004B5CF6 /* LaunchScreen.storyboard in Resources */,
				7DB90DFB1E481FE7004B5CF6 /* Assets.xcassets in Resources */,
				7DB90E061E4820B6004B5CF6 /* Board.xib in Resources */,
				7DB90DF91E481FE7004B5CF6 /* Main.storyboard in Resources */,
			);
			runOnlyForDeploymentPostprocessing = 0;
		};
/* End PBXResourcesBuildPhase section */

/* Begin PBXSourcesBuildPhase section */
		7DB90DEC1E481FE7004B5CF6 /* Sources */ = {
			isa = PBXSourcesBuildPhase;
			buildActionMask = 2147483647;
			files = (
				7DB90E0A1E482BC8004B5CF6 /* Player.swift in Sources */,
				7DB90DF61E481FE7004B5CF6 /* ViewController.swift in Sources */,
				7DB90DF41E481FE7004B5CF6 /* AppDelegate.swift in Sources */,
				7DB90E081E482117004B5CF6 /* Board.swift in Sources */,
			);
			runOnlyForDeploymentPostprocessing = 0;
		};
/* End PBXSourcesBuildPhase section */

/* Begin PBXVariantGroup section */
		7DB90DF71E481FE7004B5CF6 /* Main.storyboard */ = {
			isa = PBXVariantGroup;
			children = (
				7DB90DF81E481FE7004B5CF6 /* Base */,
			);
			name = Main.storyboard;
			sourceTree = "<group>";
		};
		7DB90DFC1E481FE7004B5CF6 /* LaunchScreen.storyboard */ = {
			isa = PBXVariantGroup;
			children = (
				7DB90DFD1E481FE7004B5CF6 /* Base */,
			);
			name = LaunchScreen.storyboard;
			sourceTree = "<group>";
		};
/* End PBXVariantGroup section */

/* Begin XCBuildConfiguration section */
		7DB90E001E481FE7004B5CF6 /* Debug */ = {
			isa = XCBuildConfiguration;
			buildSettings = {
				ALWAYS_SEARCH_USER_PATHS = NO;
				CLANG_ANALYZER_NONNULL = YES;
				CLANG_CXX_LANGUAGE_STANDARD = "gnu++0x";
				CLANG_CXX_LIBRARY = "libc++";
				CLANG_ENABLE_MODULES = YES;
				CLANG_ENABLE_OBJC_ARC = YES;
				CLANG_WARN_BOOL_CONVERSION = YES;
				CLANG_WARN_CONSTANT_CONVERSION = YES;
				CLANG_WARN_DIRECT_OBJC_ISA_USAGE = YES_ERROR;
				CLANG_WARN_DOCUMENTATION_COMMENTS = YES;
				CLANG_WARN_EMPTY_BODY = YES;
				CLANG_WARN_ENUM_CONVERSION = YES;
				CLANG_WARN_INFINITE_RECURSION = YES;
				CLANG_WARN_INT_CONVERSION = YES;
				CLANG_WARN_OBJC_ROOT_CLASS = YES_ERROR;
				CLANG_WARN_SUSPICIOUS_MOVE = YES;
				CLANG_WARN_UNREACHABLE_CODE = YES;
				CLANG_WARN__DUPLICATE_METHOD_MATCH = YES;
				"CODE_SIGN_IDENTITY[sdk=iphoneos*]" = "iPhone Developer";
				COPY_PHASE_STRIP = NO;
				DEBUG_INFORMATION_FORMAT = dwarf;
				ENABLE_STRICT_OBJC_MSGSEND = YES;
				ENABLE_TESTABILITY = YES;
				GCC_C_LANGUAGE_STANDARD = gnu99;
				GCC_DYNAMIC_NO_PIC = NO;
				GCC_NO_COMMON_BLOCKS = YES;
				GCC_OPTIMIZATION_LEVEL = 0;
				GCC_PREPROCESSOR_DEFINITIONS = (
					"DEBUG=1",
					"$(inherited)",
				);
				GCC_WARN_64_TO_32_BIT_CONVERSION = YES;
				GCC_WARN_ABOUT_RETURN_TYPE = YES_ERROR;
				GCC_WARN_UNDECLARED_SELECTOR = YES;
				GCC_WARN_UNINITIALIZED_AUTOS = YES_AGGRESSIVE;
				GCC_WARN_UNUSED_FUNCTION = YES;
				GCC_WARN_UNUSED_VARIABLE = YES;
				IPHONEOS_DEPLOYMENT_TARGET = 10.2;
				MTL_ENABLE_DEBUG_INFO = YES;
				ONLY_ACTIVE_ARCH = YES;
				SDKROOT = iphoneos;
				SWIFT_ACTIVE_COMPILATION_CONDITIONS = DEBUG;
				SWIFT_OPTIMIZATION_LEVEL = "-Onone";
				TARGETED_DEVICE_FAMILY = 2;
			};
			name = Debug;
		};
		7DB90E011E481FE7004B5CF6 /* Release */ = {
			isa = XCBuildConfiguration;
			buildSettings = {
				ALWAYS_SEARCH_USER_PATHS = NO;
				CLANG_ANALYZER_NONNULL = YES;
				CLANG_CXX_LANGUAGE_STANDARD = "gnu++0x";
				CLANG_CXX_LIBRARY = "libc++";
				CLANG_ENABLE_MODULES = YES;
				CLANG_ENABLE_OBJC_ARC = YES;
				CLANG_WARN_BOOL_CONVERSION = YES;
				CLANG_WARN_CONSTANT_CONVERSION = YES;
				CLANG_WARN_DIRECT_OBJC_ISA_USAGE = YES_ERROR;
				CLANG_WARN_DOCUMENTATION_COMMENTS = YES;
				CLANG_WARN_EMPTY_BODY = YES;
				CLANG_WARN_ENUM_CONVERSION = YES;
				CLANG_WARN_INFINITE_RECURSION = YES;
				CLANG_WARN_INT_CONVERSION = YES;
				CLANG_WARN_OBJC_ROOT_CLASS = YES_ERROR;
				CLANG_WARN_SUSPICIOUS_MOVE = YES;
				CLANG_WARN_UNREACHABLE_CODE = YES;
				CLANG_WARN__DUPLICATE_METHOD_MATCH = YES;
				"CODE_SIGN_IDENTITY[sdk=iphoneos*]" = "iPhone Developer";
				COPY_PHASE_STRIP = NO;
				DEBUG_INFORMATION_FORMAT = "dwarf-with-dsym";
				ENABLE_NS_ASSERTIONS = NO;
				ENABLE_STRICT_OBJC_MSGSEND = YES;
				GCC_C_LANGUAGE_STANDARD = gnu99;
				GCC_NO_COMMON_BLOCKS = YES;
				GCC_WARN_64_TO_32_BIT_CONVERSION = YES;
				GCC_WARN_ABOUT_RETURN_TYPE = YES_ERROR;
				GCC_WARN_UNDECLARED_SELECTOR = YES;
				GCC_WARN_UNINITIALIZED_AUTOS = YES_AGGRESSIVE;
				GCC_WARN_UNUSED_FUNCTION = YES;
				GCC_WARN_UNUSED_VARIABLE = YES;
				IPHONEOS_DEPLOYMENT_TARGET = 10.2;
				MTL_ENABLE_DEBUG_INFO = NO;
				SDKROOT = iphoneos;
				SWIFT_OPTIMIZATION_LEVEL = "-Owholemodule";
				TARGETED_DEVICE_FAMILY = 2;
				VALIDATE_PRODUCT = YES;
			};
			name = Release;
		};
		7DB90E031E481FE7004B5CF6 /* Debug */ = {
			isa = XCBuildConfiguration;
			buildSettings = {
				ASSETCATALOG_COMPILER_APPICON_NAME = AppIcon;
				DEVELOPMENT_TEAM = 3E2QGNXM7N;
				INFOPLIST_FILE = TicTacToe/Info.plist;
				LD_RUNPATH_SEARCH_PATHS = "$(inherited) @executable_path/Frameworks";
				PRODUCT_BUNDLE_IDENTIFIER = com.Gamesmith.TicTacToe;
				PRODUCT_NAME = "$(TARGET_NAME)";
				SWIFT_VERSION = 3.0;
			};
			name = Debug;
		};
		7DB90E041E481FE7004B5CF6 /* Release */ = {
			isa = XCBuildConfiguration;
			buildSettings = {
				ASSETCATALOG_COMPILER_APPICON_NAME = AppIcon;
				DEVELOPMENT_TEAM = 3E2QGNXM7N;
				INFOPLIST_FILE = TicTacToe/Info.plist;
				LD_RUNPATH_SEARCH_PATHS = "$(inherited) @executable_path/Frameworks";
				PRODUCT_BUNDLE_IDENTIFIER = com.Gamesmith.TicTacToe;
				PRODUCT_NAME = "$(TARGET_NAME)";
				SWIFT_VERSION = 3.0;
			};
			name = Release;
		};
/* End XCBuildConfiguration section */

/* Begin XCConfigurationList section */
		7DB90DEB1E481FE7004B5CF6 /* Build configuration list for PBXProject "TicTacToe" */ = {
			isa = XCConfigurationList;
			buildConfigurations = (
				7DB90E001E481FE7004B5CF6 /* Debug */,
				7DB90E011E481FE7004B5CF6 /* Release */,
			);
			defaultConfigurationIsVisible = 0;
			defaultConfigurationName = Release;
		};
		7DB90E021E481FE7004B5CF6 /* Build configuration list for PBXNativeTarget "TicTacToe" */ = {
			isa = XCConfigurationList;
			buildConfigurations = (
				7DB90E031E481FE7004B5CF6 /* Debug */,
				7DB90E041E481FE7004B5CF6 /* Release */,
			);
			defaultConfigurationIsVisible = 0;
		};
/* End XCConfigurationList section */
	};
	rootObject = 7DB90DE81E481FE7004B5CF6 /* Project object */;
}
